// !$*UTF8*$!
{
	archiveVersion = 1;
	classes = {
	};
	objectVersion = 46;
	objects = {

/* Begin PBXBuildFile section */
		51790EF51C3E2FD500B5AE1A /* AppDelegate.swift in Sources */ = {isa = PBXBuildFile; fileRef = 51790EF41C3E2FD500B5AE1A /* AppDelegate.swift */; };
		51790EF71C3E2FD500B5AE1A /* ViewController.swift in Sources */ = {isa = PBXBuildFile; fileRef = 51790EF61C3E2FD500B5AE1A /* ViewController.swift */; };
		51790EFA1C3E2FD500B5AE1A /* Main.storyboard in Resources */ = {isa = PBXBuildFile; fileRef = 51790EF81C3E2FD500B5AE1A /* Main.storyboard */; };
		51790EFC1C3E2FD500B5AE1A /* Assets.xcassets in Resources */ = {isa = PBXBuildFile; fileRef = 51790EFB1C3E2FD500B5AE1A /* Assets.xcassets */; };
		51790EFF1C3E2FD500B5AE1A /* LaunchScreen.storyboard in Resources */ = {isa = PBXBuildFile; fileRef = 51790EFD1C3E2FD500B5AE1A /* LaunchScreen.storyboard */; };
		51790F0A1C3E2FD500B5AE1A /* roshamboTests.swift in Sources */ = {isa = PBXBuildFile; fileRef = 51790F091C3E2FD500B5AE1A /* roshamboTests.swift */; };
		51790F151C3E2FD500B5AE1A /* roshamboUITests.swift in Sources */ = {isa = PBXBuildFile; fileRef = 51790F141C3E2FD500B5AE1A /* roshamboUITests.swift */; };
/* End PBXBuildFile section */

/* Begin PBXContainerItemProxy section */
		51790F061C3E2FD500B5AE1A /* PBXContainerItemProxy */ = {
			isa = PBXContainerItemProxy;
			containerPortal = 51790EE91C3E2FD500B5AE1A /* Project object */;
			proxyType = 1;
			remoteGlobalIDString = 51790EF01C3E2FD500B5AE1A;
			remoteInfo = roshambo;
		};
		51790F111C3E2FD500B5AE1A /* PBXContainerItemProxy */ = {
			isa = PBXContainerItemProxy;
			containerPortal = 51790EE91C3E2FD500B5AE1A /* Project object */;
			proxyType = 1;
			remoteGlobalIDString = 51790EF01C3E2FD500B5AE1A;
			remoteInfo = roshambo;
		};
/* End PBXContainerItemProxy section */

/* Begin PBXFileReference section */
		51790EF11C3E2FD500B5AE1A /* roshambo.app */ = {isa = PBXFileReference; explicitFileType = wrapper.application; includeInIndex = 0; path = roshambo.app; sourceTree = BUILT_PRODUCTS_DIR; };
		51790EF41C3E2FD500B5AE1A /* AppDelegate.swift */ = {isa = PBXFileReference; lastKnownFileType = sourcecode.swift; path = AppDelegate.swift; sourceTree = "<group>"; };
		51790EF61C3E2FD500B5AE1A /* ViewController.swift */ = {isa = PBXFileReference; lastKnownFileType = sourcecode.swift; path = ViewController.swift; sourceTree = "<group>"; };
		51790EF91C3E2FD500B5AE1A /* Base */ = {isa = PBXFileReference; lastKnownFileType = file.storyboard; name = Base; path = Base.lproj/Main.storyboard; sourceTree = "<group>"; };
		51790EFB1C3E2FD500B5AE1A /* Assets.xcassets */ = {isa = PBXFileReference; lastKnownFileType = folder.assetcatalog; path = Assets.xcassets; sourceTree = "<group>"; };
		51790EFE1C3E2FD500B5AE1A /* Base */ = {isa = PBXFileReference; lastKnownFileType = file.storyboard; name = Base; path = Base.lproj/LaunchScreen.storyboard; sourceTree = "<group>"; };
		51790F001C3E2FD500B5AE1A /* Info.plist */ = {isa = PBXFileReference; lastKnownFileType = text.plist.xml; path = Info.plist; sourceTree = "<group>"; };
		51790F051C3E2FD500B5AE1A /* roshamboTests.xctest */ = {isa = PBXFileReference; explicitFileType = wrapper.cfbundle; includeInIndex = 0; path = roshamboTests.xctest; sourceTree = BUILT_PRODUCTS_DIR; };
		51790F091C3E2FD500B5AE1A /* roshamboTests.swift */ = {isa = PBXFileReference; lastKnownFileType = sourcecode.swift; path = roshamboTests.swift; sourceTree = "<group>"; };
		51790F0B1C3E2FD500B5AE1A /* Info.plist */ = {isa = PBXFileReference; lastKnownFileType = text.plist.xml; path = Info.plist; sourceTree = "<group>"; };
		51790F101C3E2FD500B5AE1A /* roshamboUITests.xctest */ = {isa = PBXFileReference; explicitFileType = wrapper.cfbundle; includeInIndex = 0; path = roshamboUITests.xctest; sourceTree = BUILT_PRODUCTS_DIR; };
		51790F141C3E2FD500B5AE1A /* roshamboUITests.swift */ = {isa = PBXFileReference; lastKnownFileType = sourcecode.swift; path = roshamboUITests.swift; sourceTree = "<group>"; };
		51790F161C3E2FD500B5AE1A /* Info.plist */ = {isa = PBXFileReference; lastKnownFileType = text.plist.xml; path = Info.plist; sourceTree = "<group>"; };
/* End PBXFileReference section */

/* Begin PBXFrameworksBuildPhase section */
		51790EEE1C3E2FD500B5AE1A /* Frameworks */ = {
			isa = PBXFrameworksBuildPhase;
			buildActionMask = 2147483647;
			files = (
			);
			runOnlyForDeploymentPostprocessing = 0;
		};
		51790F021C3E2FD500B5AE1A /* Frameworks */ = {
			isa = PBXFrameworksBuildPhase;
			buildActionMask = 2147483647;
			files = (
			);
			runOnlyForDeploymentPostprocessing = 0;
		};
		51790F0D1C3E2FD500B5AE1A /* Frameworks */ = {
			isa = PBXFrameworksBuildPhase;
			buildActionMask = 2147483647;
			files = (
			);
			runOnlyForDeploymentPostprocessing = 0;
		};
/* End PBXFrameworksBuildPhase section */

/* Begin PBXGroup section */
		51790EE81C3E2FD500B5AE1A = {
			isa = PBXGroup;
			children = (
				51790EF31C3E2FD500B5AE1A /* roshambo */,
				51790F081C3E2FD500B5AE1A /* roshamboTests */,
				51790F131C3E2FD500B5AE1A /* roshamboUITests */,
				51790EF21C3E2FD500B5AE1A /* Products */,
			);
			sourceTree = "<group>";
		};
		51790EF21C3E2FD500B5AE1A /* Products */ = {
			isa = PBXGroup;
			children = (
				51790EF11C3E2FD500B5AE1A /* roshambo.app */,
				51790F051C3E2FD500B5AE1A /* roshamboTests.xctest */,
				51790F101C3E2FD500B5AE1A /* roshamboUITests.xctest */,
			);
			name = Products;
			sourceTree = "<group>";
		};
		51790EF31C3E2FD500B5AE1A /* roshambo */ = {
			isa = PBXGroup;
			children = (
				51790EF41C3E2FD500B5AE1A /* AppDelegate.swift */,
				51790EF61C3E2FD500B5AE1A /* ViewController.swift */,
				51790EF81C3E2FD500B5AE1A /* Main.storyboard */,
				51790EFB1C3E2FD500B5AE1A /* Assets.xcassets */,
				51790EFD1C3E2FD500B5AE1A /* LaunchScreen.storyboard */,
				51790F001C3E2FD500B5AE1A /* Info.plist */,
			);
			path = roshambo;
			sourceTree = "<group>";
		};
		51790F081C3E2FD500B5AE1A /* roshamboTests */ = {
			isa = PBXGroup;
			children = (
				51790F091C3E2FD500B5AE1A /* roshamboTests.swift */,
				51790F0B1C3E2FD500B5AE1A /* Info.plist */,
			);
			path = roshamboTests;
			sourceTree = "<group>";
		};
		51790F131C3E2FD500B5AE1A /* roshamboUITests */ = {
			isa = PBXGroup;
			children = (
				51790F141C3E2FD500B5AE1A /* roshamboUITests.swift */,
				51790F161C3E2FD500B5AE1A /* Info.plist */,
			);
			path = roshamboUITests;
			sourceTree = "<group>";
		};
/* End PBXGroup section */

/* Begin PBXNativeTarget section */
		51790EF01C3E2FD500B5AE1A /* roshambo */ = {
			isa = PBXNativeTarget;
			buildConfigurationList = 51790F191C3E2FD500B5AE1A /* Build configuration list for PBXNativeTarget "roshambo" */;
			buildPhases = (
				51790EED1C3E2FD500B5AE1A /* Sources */,
				51790EEE1C3E2FD500B5AE1A /* Frameworks */,
				51790EEF1C3E2FD500B5AE1A /* Resources */,
			);
			buildRules = (
			);
			dependencies = (
			);
			name = roshambo;
			productName = roshambo;
			productReference = 51790EF11C3E2FD500B5AE1A /* roshambo.app */;
			productType = "com.apple.product-type.application";
		};
		51790F041C3E2FD500B5AE1A /* roshamboTests */ = {
			isa = PBXNativeTarget;
			buildConfigurationList = 51790F1C1C3E2FD500B5AE1A /* Build configuration list for PBXNativeTarget "roshamboTests" */;
			buildPhases = (
				51790F011C3E2FD500B5AE1A /* Sources */,
				51790F021C3E2FD500B5AE1A /* Frameworks */,
				51790F031C3E2FD500B5AE1A /* Resources */,
			);
			buildRules = (
			);
			dependencies = (
				51790F071C3E2FD500B5AE1A /* PBXTargetDependency */,
			);
			name = roshamboTests;
			productName = roshamboTests;
			productReference = 51790F051C3E2FD500B5AE1A /* roshamboTests.xctest */;
			productType = "com.apple.product-type.bundle.unit-test";
		};
		51790F0F1C3E2FD500B5AE1A /* roshamboUITests */ = {
			isa = PBXNativeTarget;
			buildConfigurationList = 51790F1F1C3E2FD500B5AE1A /* Build configuration list for PBXNativeTarget "roshamboUITests" */;
			buildPhases = (
				51790F0C1C3E2FD500B5AE1A /* Sources */,
				51790F0D1C3E2FD500B5AE1A /* Frameworks */,
				51790F0E1C3E2FD500B5AE1A /* Resources */,
			);
			buildRules = (
			);
			dependencies = (
				51790F121C3E2FD500B5AE1A /* PBXTargetDependency */,
			);
			name = roshamboUITests;
			productName = roshamboUITests;
			productReference = 51790F101C3E2FD500B5AE1A /* roshamboUITests.xctest */;
			productType = "com.apple.product-type.bundle.ui-testing";
		};
/* End PBXNativeTarget section */

/* Begin PBXProject section */
		51790EE91C3E2FD500B5AE1A /* Project object */ = {
			isa = PBXProject;
			attributes = {
				LastSwiftUpdateCheck = 0720;
				LastUpgradeCheck = 0720;
				ORGANIZATIONNAME = gakshay;
				TargetAttributes = {
					51790EF01C3E2FD500B5AE1A = {
						CreatedOnToolsVersion = 7.2;
						DevelopmentTeam = NLGTKWFB6W;
					};
					51790F041C3E2FD500B5AE1A = {
						CreatedOnToolsVersion = 7.2;
						DevelopmentTeam = NLGTKWFB6W;
						TestTargetID = 51790EF01C3E2FD500B5AE1A;
					};
					51790F0F1C3E2FD500B5AE1A = {
						CreatedOnToolsVersion = 7.2;
						DevelopmentTeam = NLGTKWFB6W;
						TestTargetID = 51790EF01C3E2FD500B5AE1A;
					};
				};
			};
			buildConfigurationList = 51790EEC1C3E2FD500B5AE1A /* Build configuration list for PBXProject "roshambo" */;
			compatibilityVersion = "Xcode 3.2";
			developmentRegion = English;
			hasScannedForEncodings = 0;
			knownRegions = (
				en,
				Base,
			);
			mainGroup = 51790EE81C3E2FD500B5AE1A;
			productRefGroup = 51790EF21C3E2FD500B5AE1A /* Products */;
			projectDirPath = "";
			projectRoot = "";
			targets = (
				51790EF01C3E2FD500B5AE1A /* roshambo */,
				51790F041C3E2FD500B5AE1A /* roshamboTests */,
				51790F0F1C3E2FD500B5AE1A /* roshamboUITests */,
			);
		};
/* End PBXProject section */

/* Begin PBXResourcesBuildPhase section */
		51790EEF1C3E2FD500B5AE1A /* Resources */ = {
			isa = PBXResourcesBuildPhase;
			buildActionMask = 2147483647;
			files = (
				51790EFF1C3E2FD500B5AE1A /* LaunchScreen.storyboard in Resources */,
				51790EFC1C3E2FD500B5AE1A /* Assets.xcassets in Resources */,
				51790EFA1C3E2FD500B5AE1A /* Main.storyboard in Resources */,
			);
			runOnlyForDeploymentPostprocessing = 0;
		};
		51790F031C3E2FD500B5AE1A /* Resources */ = {
			isa = PBXResourcesBuildPhase;
			buildActionMask = 2147483647;
			files = (
			);
			runOnlyForDeploymentPostprocessing = 0;
		};
		51790F0E1C3E2FD500B5AE1A /* Resources */ = {
			isa = PBXResourcesBuildPhase;
			buildActionMask = 2147483647;
			files = (
			);
			runOnlyForDeploymentPostprocessing = 0;
		};
/* End PBXResourcesBuildPhase section */

/* Begin PBXSourcesBuildPhase section */
		51790EED1C3E2FD500B5AE1A /* Sources */ = {
			isa = PBXSourcesBuildPhase;
			buildActionMask = 2147483647;
			files = (
				51790EF71C3E2FD500B5AE1A /* ViewController.swift in Sources */,
				51790EF51C3E2FD500B5AE1A /* AppDelegate.swift in Sources */,
			);
			runOnlyForDeploymentPostprocessing = 0;
		};
		51790F011C3E2FD500B5AE1A /* Sources */ = {
			isa = PBXSourcesBuildPhase;
			buildActionMask = 2147483647;
			files = (
				51790F0A1C3E2FD500B5AE1A /* roshamboTests.swift in Sources */,
			);
			runOnlyForDeploymentPostprocessing = 0;
		};
		51790F0C1C3E2FD500B5AE1A /* Sources */ = {
			isa = PBXSourcesBuildPhase;
			buildActionMask = 2147483647;
			files = (
				51790F151C3E2FD500B5AE1A /* roshamboUITests.swift in Sources */,
			);
			runOnlyForDeploymentPostprocessing = 0;
		};
/* End PBXSourcesBuildPhase section */

/* Begin PBXTargetDependency section */
		51790F071C3E2FD500B5AE1A /* PBXTargetDependency */ = {
			isa = PBXTargetDependency;
			target = 51790EF01C3E2FD500B5AE1A /* roshambo */;
			targetProxy = 51790F061C3E2FD500B5AE1A /* PBXContainerItemProxy */;
		};
		51790F121C3E2FD500B5AE1A /* PBXTargetDependency */ = {
			isa = PBXTargetDependency;
			target = 51790EF01C3E2FD500B5AE1A /* roshambo */;
			targetProxy = 51790F111C3E2FD500B5AE1A /* PBXContainerItemProxy */;
		};
/* End PBXTargetDependency section */

/* Begin PBXVariantGroup section */
		51790EF81C3E2FD500B5AE1A /* Main.storyboard */ = {
			isa = PBXVariantGroup;
			children = (
				51790EF91C3E2FD500B5AE1A /* Base */,
			);
			name = Main.storyboard;
			sourceTree = "<group>";
		};
		51790EFD1C3E2FD500B5AE1A /* LaunchScreen.storyboard */ = {
			isa = PBXVariantGroup;
			children = (
				51790EFE1C3E2FD500B5AE1A /* Base */,
			);
			name = LaunchScreen.storyboard;
			sourceTree = "<group>";
		};
/* End PBXVariantGroup section */

/* Begin XCBuildConfiguration section */
		51790F171C3E2FD500B5AE1A /* Debug */ = {
			isa = XCBuildConfiguration;
			buildSettings = {
				ALWAYS_SEARCH_USER_PATHS = NO;
				CLANG_CXX_LANGUAGE_STANDARD = "gnu++0x";
				CLANG_CXX_LIBRARY = "libc++";
				CLANG_ENABLE_MODULES = YES;
				CLANG_ENABLE_OBJC_ARC = YES;
				CLANG_WARN_BOOL_CONVERSION = YES;
				CLANG_WARN_CONSTANT_CONVERSION = YES;
				CLANG_WARN_DIRECT_OBJC_ISA_USAGE = YES_ERROR;
				CLANG_WARN_EMPTY_BODY = YES;
				CLANG_WARN_ENUM_CONVERSION = YES;
				CLANG_WARN_INT_CONVERSION = YES;
				CLANG_WARN_OBJC_ROOT_CLASS = YES_ERROR;
				CLANG_WARN_UNREACHABLE_CODE = YES;
				CLANG_WARN__DUPLICATE_METHOD_MATCH = YES;
				"CODE_SIGN_IDENTITY[sdk=iphoneos*]" = "iPhone Developer";
				COPY_PHASE_STRIP = NO;
				DEBUG_INFORMATION_FORMAT = dwarf;
				ENABLE_STRICT_OBJC_MSGSEND = YES;
				ENABLE_TESTABILITY = YES;
				GCC_C_LANGUAGE_STANDARD = gnu99;
				GCC_DYNAMIC_NO_PIC = NO;
				GCC_NO_COMMON_BLOCKS = YES;
				GCC_OPTIMIZATION_LEVEL = 0;
				GCC_PREPROCESSOR_DEFINITIONS = (
					"DEBUG=1",
					"$(inherited)",
				);
				GCC_WARN_64_TO_32_BIT_CONVERSION = YES;
				GCC_WARN_ABOUT_RETURN_TYPE = YES_ERROR;
				GCC_WARN_UNDECLARED_SELECTOR = YES;
				GCC_WARN_UNINITIALIZED_AUTOS = YES_AGGRESSIVE;
				GCC_WARN_UNUSED_FUNCTION = YES;
				GCC_WARN_UNUSED_VARIABLE = YES;
				IPHONEOS_DEPLOYMENT_TARGET = 9.2;
				MTL_ENABLE_DEBUG_INFO = YES;
				ONLY_ACTIVE_ARCH = YES;
				SDKROOT = iphoneos;
				SWIFT_OPTIMIZATION_LEVEL = "-Onone";
			};
			name = Debug;
		};
		51790F181C3E2FD500B5AE1A /* Release */ = {
			isa = XCBuildConfiguration;
			buildSettings = {
				ALWAYS_SEARCH_USER_PATHS = NO;
				CLANG_CXX_LANGUAGE_STANDARD = "gnu++0x";
				CLANG_CXX_LIBRARY = "libc++";
				CLANG_ENABLE_MODULES = YES;
				CLANG_ENABLE_OBJC_ARC = YES;
				CLANG_WARN_BOOL_CONVERSION = YES;
				CLANG_WARN_CONSTANT_CONVERSION = YES;
				CLANG_WARN_DIRECT_OBJC_ISA_USAGE = YES_ERROR;
				CLANG_WARN_EMPTY_BODY = YES;
				CLANG_WARN_ENUM_CONVERSION = YES;
				CLANG_WARN_INT_CONVERSION = YES;
				CLANG_WARN_OBJC_ROOT_CLASS = YES_ERROR;
				CLANG_WARN_UNREACHABLE_CODE = YES;
				CLANG_WARN__DUPLICATE_METHOD_MATCH = YES;
				"CODE_SIGN_IDENTITY[sdk=iphoneos*]" = "iPhone Developer";
				COPY_PHASE_STRIP = NO;
				DEBUG_INFORMATION_FORMAT = "dwarf-with-dsym";
				ENABLE_NS_ASSERTIONS = NO;
				ENABLE_STRICT_OBJC_MSGSEND = YES;
				GCC_C_LANGUAGE_STANDARD = gnu99;
				GCC_NO_COMMON_BLOCKS = YES;
				GCC_WARN_64_TO_32_BIT_CONVERSION = YES;
				GCC_WARN_ABOUT_RETURN_TYPE = YES_ERROR;
				GCC_WARN_UNDECLARED_SELECTOR = YES;
				GCC_WARN_UNINITIALIZED_AUTOS = YES_AGGRESSIVE;
				GCC_WARN_UNUSED_FUNCTION = YES;
				GCC_WARN_UNUSED_VARIABLE = YES;
				IPHONEOS_DEPLOYMENT_TARGET = 9.2;
				MTL_ENABLE_DEBUG_INFO = NO;
				SDKROOT = iphoneos;
				VALIDATE_PRODUCT = YES;
			};
			name = Release;
		};
		51790F1A1C3E2FD500B5AE1A /* Debug */ = {
			isa = XCBuildConfiguration;
			buildSettings = {
				ASSETCATALOG_COMPILER_APPICON_NAME = AppIcon;
				INFOPLIST_FILE = roshambo/Info.plist;
				LD_RUNPATH_SEARCH_PATHS = "$(inherited) @executable_path/Frameworks";
				PRODUCT_BUNDLE_IDENTIFIER = com.gakshay.roshambo;
				PRODUCT_NAME = "$(TARGET_NAME)";
			};
			name = Debug;
		};
		51790F1B1C3E2FD500B5AE1A /* Release */ = {
			isa = XCBuildConfiguration;
			buildSettings = {
				ASSETCATALOG_COMPILER_APPICON_NAME = AppIcon;
				INFOPLIST_FILE = roshambo/Info.plist;
				LD_RUNPATH_SEARCH_PATHS = "$(inherited) @executable_path/Frameworks";
				PRODUCT_BUNDLE_IDENTIFIER = com.gakshay.roshambo;
				PRODUCT_NAME = "$(TARGET_NAME)";
			};
			name = Release;
		};
		51790F1D1C3E2FD500B5AE1A /* Debug */ = {
			isa = XCBuildConfiguration;
			buildSettings = {
				BUNDLE_LOADER = "$(TEST_HOST)";
				INFOPLIST_FILE = roshamboTests/Info.plist;
				LD_RUNPATH_SEARCH_PATHS = "$(inherited) @executable_path/Frameworks @loader_path/Frameworks";
				PRODUCT_BUNDLE_IDENTIFIER = com.gakshay.roshamboTests;
				PRODUCT_NAME = "$(TARGET_NAME)";
				TEST_HOST = "$(BUILT_PRODUCTS_DIR)/roshambo.app/roshambo";
			};
			name = Debug;
		};
		51790F1E1C3E2FD500B5AE1A /* Release */ = {
			isa = XCBuildConfiguration;
			buildSettings = {
				BUNDLE_LOADER = "$(TEST_HOST)";
				INFOPLIST_FILE = roshamboTests/Info.plist;
				LD_RUNPATH_SEARCH_PATHS = "$(inherited) @executable_path/Frameworks @loader_path/Frameworks";
				PRODUCT_BUNDLE_IDENTIFIER = com.gakshay.roshamboTests;
				PRODUCT_NAME = "$(TARGET_NAME)";
				TEST_HOST = "$(BUILT_PRODUCTS_DIR)/roshambo.app/roshambo";
			};
			name = Release;
		};
		51790F201C3E2FD500B5AE1A /* Debug */ = {
			isa = XCBuildConfiguration;
			buildSettings = {
				INFOPLIST_FILE = roshamboUITests/Info.plist;
				LD_RUNPATH_SEARCH_PATHS = "$(inherited) @executable_path/Frameworks @loader_path/Frameworks";
				PRODUCT_BUNDLE_IDENTIFIER = com.gakshay.roshamboUITests;
				PRODUCT_NAME = "$(TARGET_NAME)";
				TEST_TARGET_NAME = roshambo;
				USES_XCTRUNNER = YES;
			};
			name = Debug;
		};
		51790F211C3E2FD500B5AE1A /* Release */ = {
			isa = XCBuildConfiguration;
			buildSettings = {
				INFOPLIST_FILE = roshamboUITests/Info.plist;
				LD_RUNPATH_SEARCH_PATHS = "$(inherited) @executable_path/Frameworks @loader_path/Frameworks";
				PRODUCT_BUNDLE_IDENTIFIER = com.gakshay.roshamboUITests;
				PRODUCT_NAME = "$(TARGET_NAME)";
				TEST_TARGET_NAME = roshambo;
				USES_XCTRUNNER = YES;
			};
			name = Release;
		};
/* End XCBuildConfiguration section */

/* Begin XCConfigurationList section */
		51790EEC1C3E2FD500B5AE1A /* Build configuration list for PBXProject "roshambo" */ = {
			isa = XCConfigurationList;
			buildConfigurations = (
				51790F171C3E2FD500B5AE1A /* Debug */,
				51790F181C3E2FD500B5AE1A /* Release */,
			);
			defaultConfigurationIsVisible = 0;
			defaultConfigurationName = Release;
		};
		51790F191C3E2FD500B5AE1A /* Build configuration list for PBXNativeTarget "roshambo" */ = {
			isa = XCConfigurationList;
			buildConfigurations = (
				51790F1A1C3E2FD500B5AE1A /* Debug */,
				51790F1B1C3E2FD500B5AE1A /* Release */,
			);
			defaultConfigurationIsVisible = 0;
		};
		51790F1C1C3E2FD500B5AE1A /* Build configuration list for PBXNativeTarget "roshamboTests" */ = {
			isa = XCConfigurationList;
			buildConfigurations = (
				51790F1D1C3E2FD500B5AE1A /* Debug */,
				51790F1E1C3E2FD500B5AE1A /* Release */,
			);
			defaultConfigurationIsVisible = 0;
		};
		51790F1F1C3E2FD500B5AE1A /* Build configuration list for PBXNativeTarget "roshamboUITests" */ = {
			isa = XCConfigurationList;
			buildConfigurations = (
				51790F201C3E2FD500B5AE1A /* Debug */,
				51790F211C3E2FD500B5AE1A /* Release */,
			);
			defaultConfigurationIsVisible = 0;
		};
/* End XCConfigurationList section */
	};
	rootObject = 51790EE91C3E2FD500B5AE1A /* Project object */;
}
